
Microsoft Visual Studio Solution File, Format Version 12.00
# Visual Studio Version 16
VisualStudioVersion = 16.0.29613.14
MinimumVisualStudioVersion = 10.0.40219.1
Project("{FAE04EC0-301F-11D3-BF4B-00C04F79EFBC}") = "FrontEndExamenLilab", "FrontEndExamenLilab\FrontEndExamenLilab.csproj", "{DA9232EE-38E8-4F4E-A1DC-2DAC5F5DDAA4}"
EndProject
Project("{FAE04EC0-301F-11D3-BF4B-00C04F79EFBC}") = "Common", "Common\Common.csproj", "{4F2B9E2E-E873-43C4-A988-3C64D784AD74}"
EndProject
Global
	GlobalSection(SolutionConfigurationPlatforms) = preSolution
		Debug|Any CPU = Debug|Any CPU
		Release|Any CPU = Release|Any CPU
	EndGlobalSection
	GlobalSection(ProjectConfigurationPlatforms) = postSolution
		{DA9232EE-38E8-4F4E-A1DC-2DAC5F5DDAA4}.Debug|Any CPU.ActiveCfg = Debug|Any CPU
		{DA9232EE-38E8-4F4E-A1DC-2DAC5F5DDAA4}.Debug|Any CPU.Build.0 = Debug|Any CPU
		{DA9232EE-38E8-4F4E-A1DC-2DAC5F5DDAA4}.Release|Any CPU.ActiveCfg = Release|Any CPU
		{DA9232EE-38E8-4F4E-A1DC-2DAC5F5DDAA4}.Release|Any CPU.Build.0 = Release|Any CPU
		{4F2B9E2E-E873-43C4-A988-3C64D784AD74}.Debug|Any CPU.ActiveCfg = Debug|Any CPU
		{4F2B9E2E-E873-43C4-A988-3C64D784AD74}.Debug|Any CPU.Build.0 = Debug|Any CPU
		{4F2B9E2E-E873-43C4-A988-3C64D784AD74}.Release|Any CPU.ActiveCfg = Release|Any CPU
		{4F2B9E2E-E873-43C4-A988-3C64D784AD74}.Release|Any CPU.Build.0 = Release|Any CPU
	EndGlobalSection
	GlobalSection(SolutionProperties) = preSolution
		HideSolutionNode = FALSE
	EndGlobalSection
	GlobalSection(ExtensibilityGlobals) = postSolution
		SolutionGuid = {E2C0174D-7945-4D18-8989-999D7EAE4D78}
	EndGlobalSection
EndGlobal
